
Microsoft Visual Studio Solution File, Format Version 12.00
# Visual Studio Version 16
VisualStudioVersion = 16.0.31105.61
MinimumVisualStudioVersion = 10.0.40219.1
Project("{FAE04EC0-301F-11D3-BF4B-00C04F79EFBC}") = "DatingApp.API", "DatingApp.API\DatingApp.API.csproj", "{63738069-CA61-453D-9A08-EA99C234C5FF}"
EndProject
Global
	GlobalSection(SolutionConfigurationPlatforms) = preSolution
		Debug|Any CPU = Debug|Any CPU
		Release|Any CPU = Release|Any CPU
	EndGlobalSection
	GlobalSection(ProjectConfigurationPlatforms) = postSolution
		{63738069-CA61-453D-9A08-EA99C234C5FF}.Debug|Any CPU.ActiveCfg = Debug|Any CPU
		{63738069-CA61-453D-9A08-EA99C234C5FF}.Debug|Any CPU.Build.0 = Debug|Any CPU
		{63738069-CA61-453D-9A08-EA99C234C5FF}.Release|Any CPU.ActiveCfg = Release|Any CPU
		{63738069-CA61-453D-9A08-EA99C234C5FF}.Release|Any CPU.Build.0 = Release|Any CPU
	EndGlobalSection
	GlobalSection(SolutionProperties) = preSolution
		HideSolutionNode = FALSE
	EndGlobalSection
	GlobalSection(ExtensibilityGlobals) = postSolution
		SolutionGuid = {CFC43918-FF0E-4AB9-A9E7-FC8C019F816A}
	EndGlobalSection
EndGlobal
